# This file is generated by running "yarn install" inside your project.
# Manual changes might be lost - proceed with caution!

__metadata:
  version: 8
  cacheKey: 10c0

"balanced-match@npm:^1.0.0":
  version: 1.0.2
  resolution: "balanced-match@npm:1.0.2"
  checksum: 10c0/9308baf0a7e4838a82bbfd11e01b1cb0f0cf2893bc1676c27c2a8c0e70cbae1c59120c3268517a8ae7fb6376b4639ef81ca22582611dbee4ed28df945134aaee
  languageName: node
  linkType: hard

"brace-expansion@npm:^2.0.1":
  version: 2.0.3
  resolution: "brace-expansion@npm:2.0.3"
  dependencies:
    balanced-match: "npm:^1.0.0"
  checksum: 10c0/468436c9b2fa6f9e64d0cff8784b21300677571a7196e258593e95e7c3db9973a80fbafdb0f01404d5d298a04dc666eae1fc3c9052e2edbb9f2510541deeddfe
  languageName: node
  linkType: hard

"minimatch@npm:^9.0.0":
  version: 9.0.5
  resolution: "minimatch@npm:9.0.5"
  dependencies:
    brace-expansion: "npm:^2.0.1"
  checksum: 10c0/de96cf5e35bdf0eab3e2c853522f98ffbe9a36c37797778d2665231ec1f20a9447a7e567cb640901f89e4daaa95ae5d70c65a9e8aa2bb0019b6facbc3c0575ed
  languageName: node
  linkType: hard

"test@workspace:.":
  version: 0.0.0-use.local
  resolution: "test@workspace:."
  dependencies:
    minimatch: "npm:^9.0.0"
  languageName: unknown
  linkType: soft
