# This file is generated by running "yarn install" inside your project.
# Manual changes might be lost - proceed with caution!

__metadata:
  version: 8
  cacheKey: 10c0

"balanced-match@npm:^4.0.2":
  version: 4.0.4
  resolution: "balanced-match@npm:4.0.4"
  checksum: 10c0/07e86102a3eb2ee2a6a1a89164f29d0dbaebd28f2ca3f5ca786f36b8b23d9e417eb3be45a4acf754f837be5ac0a2317de90d3fcb7f4f4dc95720a1f36b26a17b
  languageName: node
  linkType: hard

"brace-expansion@npm:^5.0.5":
  version: 5.0.5
  resolution: "brace-expansion@npm:5.0.5"
  dependencies:
    balanced-match: "npm:^4.0.2"
  checksum: 10c0/4d238e14ed4f5cc9c07285550a41cef23121ca08ba99fa9eb5b55b580dcb6bf868b8210aa10526bdc9f8dc97f33ca2a7259039c4cc131a93042beddb424c48e3
  languageName: node
  linkType: hard

"minimatch@npm:^10.2.5":
  version: 10.2.5
  resolution: "minimatch@npm:10.2.5"
  dependencies:
    brace-expansion: "npm:^5.0.5"
  checksum: 10c0/6bb058bd6324104b9ec2f763476a35386d05079c1f5fe4fbf1f324a25237cd4534d6813ecd71f48208f4e635c1221899bef94c3c89f7df55698fe373aaae20fd
  languageName: node
  linkType: hard

"test@workspace:.":
  version: 0.0.0-use.local
  resolution: "test@workspace:."
  dependencies:
    minimatch: "npm:^10.2.5"
  languageName: unknown
  linkType: soft
