# This file is generated by running "yarn install" inside your project.
# Manual changes might be lost - proceed with caution!

__metadata:
  version: 8
  cacheKey: 10c0

"balanced-match@npm:^1.0.0":
  version: 1.0.2
  resolution: "balanced-match@npm:1.0.2"
  checksum: 10c0/9308baf0a7e4838a82bbfd11e01b1cb0f0cf2893bc1676c27c2a8c0e70cbae1c59120c3268517a8ae7fb6376b4639ef81ca22582611dbee4ed28df945134aaee
  languageName: node
  linkType: hard

"brace-expansion@npm:^1.1.7":
  version: 1.1.13
  resolution: "brace-expansion@npm:1.1.13"
  dependencies:
    balanced-match: "npm:^1.0.0"
    concat-map: "npm:0.0.1"
  checksum: 10c0/384c61bb329b6adfdcc0cbbdd108dc19fb5f3e84ae15a02a74f94c6c791b5a9b035aae73b2a51929a8a478e2f0f212a771eb6a8b5b514cccfb8d0c9f2ce8cbd8
  languageName: node
  linkType: hard

"brace-expansion@npm:^2.0.1, brace-expansion@npm:^2.0.2":
  version: 2.0.3
  resolution: "brace-expansion@npm:2.0.3"
  dependencies:
    balanced-match: "npm:^1.0.0"
  checksum: 10c0/468436c9b2fa6f9e64d0cff8784b21300677571a7196e258593e95e7c3db9973a80fbafdb0f01404d5d298a04dc666eae1fc3c9052e2edbb9f2510541deeddfe
  languageName: node
  linkType: hard

"concat-map@npm:0.0.1":
  version: 0.0.1
  resolution: "concat-map@npm:0.0.1"
  checksum: 10c0/c996b1cfdf95b6c90fee4dae37e332c8b6eb7d106430c17d538034c0ad9a1630cb194d2ab37293b1bdd4d779494beee7786d586a50bd9376fd6f7bcc2bd4c98f
  languageName: node
  linkType: hard

"mini3@file:./packages/mini3::locator=test%40workspace%3A.":
  version: 0.0.0
  resolution: "mini3@file:./packages/mini3#./packages/mini3::hash=365407&locator=test%40workspace%3A."
  dependencies:
    minimatch: "npm:^3.0.0"
  checksum: 10c0/c09666887a0e92d17b90e5687061b0819a157c1f125a3e68f16cbaf6839301a640980936ee75176882c80799035e43f6f6eb3f00af73639c3be35d1a4290fd7d
  languageName: node
  linkType: hard

"mini4@file:./packages/mini4::locator=test%40workspace%3A.":
  version: 0.0.0
  resolution: "mini4@file:./packages/mini4#./packages/mini4::hash=c204c2&locator=test%40workspace%3A."
  dependencies:
    minimatch: "npm:^4.0.0"
  checksum: 10c0/79aa5891a1b23da7338c2e0d0c23e61fbbcb26c8e9f4ea6864ad8d81c9d60ec72cf22a0d0f8355807e23772d08f01a62bd7c00db0b573b2c61e84c3b1eaae7fb
  languageName: node
  linkType: hard

"mini5@file:./packages/mini5::locator=test%40workspace%3A.":
  version: 0.0.0
  resolution: "mini5@file:./packages/mini5#./packages/mini5::hash=5e5986&locator=test%40workspace%3A."
  dependencies:
    minimatch: "npm:^5.0.0"
  checksum: 10c0/b6605ba852dcd533e7385fc30b39e946cafdc127bbdfb94bb73f4fc53c33ce0e179a12744d3f8e73fd84e6d0e693ea7b1e821d103b22ec58cc25eacc9b3f9e6b
  languageName: node
  linkType: hard

"minimatch@npm:^3.0.0":
  version: 3.1.5
  resolution: "minimatch@npm:3.1.5"
  dependencies:
    brace-expansion: "npm:^1.1.7"
  checksum: 10c0/2ecbdc0d33f07bddb0315a8b5afbcb761307a8778b48f0b312418ccbced99f104a2d17d8aca7573433c70e8ccd1c56823a441897a45e384ea76ef401a26ace70
  languageName: node
  linkType: hard

"minimatch@npm:^4.0.0":
  version: 4.2.6
  resolution: "minimatch@npm:4.2.6"
  dependencies:
    brace-expansion: "npm:^1.1.7"
  checksum: 10c0/7d4ed1f5a7587588bc41f811ea8178944998ce4f0e737449aed3f90d1f402b15bbf71fcc20502a38875cb83df9e9bb08a027fe0728d81dcf62ef0a4969e22ebf
  languageName: node
  linkType: hard

"minimatch@npm:^5.0.0":
  version: 5.1.9
  resolution: "minimatch@npm:5.1.9"
  dependencies:
    brace-expansion: "npm:^2.0.1"
  checksum: 10c0/4202718683815a7288b13e470160a4f9560cf392adef4f453927505817e01ef6b3476ecde13cfcaed17e7326dd3b69ad44eb2daeb19a217c5500f9277893f1d6
  languageName: node
  linkType: hard

"minimatch@npm:^9.0.0":
  version: 9.0.9
  resolution: "minimatch@npm:9.0.9"
  dependencies:
    brace-expansion: "npm:^2.0.2"
  checksum: 10c0/0b6a58530dbb00361745aa6c8cffaba4c90f551afe7c734830bd95fd88ebf469dd7355a027824ea1d09e37181cfeb0a797fb17df60c15ac174303ac110eb7e86
  languageName: node
  linkType: hard

"test@workspace:.":
  version: 0.0.0-use.local
  resolution: "test@workspace:."
  dependencies:
    mini3: ./packages/mini3
    mini4: ./packages/mini4
    mini5: ./packages/mini5
    minimatch: "npm:^9.0.0"
  languageName: unknown
  linkType: soft
